
Microsoft Visual Studio Solution File, Format Version 12.00
# Visual Studio Version 17
VisualStudioVersion = 17.7.34202.233
MinimumVisualStudioVersion = 10.0.40219.1
Project("{FAE04EC0-301F-11D3-BF4B-00C04F79EFBC}") = "ConsoleMVC", "ConsoleMVC\ConsoleMVC.csproj", "{8055405E-9752-4D24-8EAB-6C207C613720}"
EndProject
Global
	GlobalSection(SolutionConfigurationPlatforms) = preSolution
		Debug|Any CPU = Debug|Any CPU
		Release|Any CPU = Release|Any CPU
	EndGlobalSection
	GlobalSection(ProjectConfigurationPlatforms) = postSolution
		{8055405E-9752-4D24-8EAB-6C207C613720}.Debug|Any CPU.ActiveCfg = Debug|Any CPU
		{8055405E-9752-4D24-8EAB-6C207C613720}.Debug|Any CPU.Build.0 = Debug|Any CPU
		{8055405E-9752-4D24-8EAB-6C207C613720}.Release|Any CPU.ActiveCfg = Release|Any CPU
		{8055405E-9752-4D24-8EAB-6C207C613720}.Release|Any CPU.Build.0 = Release|Any CPU
	EndGlobalSection
	GlobalSection(SolutionProperties) = preSolution
		HideSolutionNode = FALSE
	EndGlobalSection
	GlobalSection(ExtensibilityGlobals) = postSolution
		SolutionGuid = {B0109161-44EA-446C-8F99-9240446F9679}
	EndGlobalSection
EndGlobal
